
Microsoft Visual Studio Solution File, Format Version 12.00
# Visual Studio Version 17
VisualStudioVersion = 17.5.002.0
MinimumVisualStudioVersion = 10.0.40219.1
Project("{9A19103F-16F7-4668-BE54-9A1E7A4F7556}") = "OCP", "OCP.csproj", "{BADFEF9E-5A8E-4394-AF51-1CBA0C5B3E40}"
EndProject
Global
	GlobalSection(SolutionConfigurationPlatforms) = preSolution
		Debug|Any CPU = Debug|Any CPU
		Release|Any CPU = Release|Any CPU
	EndGlobalSection
	GlobalSection(ProjectConfigurationPlatforms) = postSolution
		{BADFEF9E-5A8E-4394-AF51-1CBA0C5B3E40}.Debug|Any CPU.ActiveCfg = Debug|Any CPU
		{BADFEF9E-5A8E-4394-AF51-1CBA0C5B3E40}.Debug|Any CPU.Build.0 = Debug|Any CPU
		{BADFEF9E-5A8E-4394-AF51-1CBA0C5B3E40}.Release|Any CPU.ActiveCfg = Release|Any CPU
		{BADFEF9E-5A8E-4394-AF51-1CBA0C5B3E40}.Release|Any CPU.Build.0 = Release|Any CPU
	EndGlobalSection
	GlobalSection(SolutionProperties) = preSolution
		HideSolutionNode = FALSE
	EndGlobalSection
	GlobalSection(ExtensibilityGlobals) = postSolution
		SolutionGuid = {3A68E848-1EF1-479D-846D-3C0917D05C58}
	EndGlobalSection
EndGlobal
